// !$*UTF8*$!
{
	archiveVersion = 1;
	classes = {
	};
	objectVersion = 46;
	objects = {

/* Begin PBXBuildFile section */
		1B7F89201E3F4C2600A99E56 /* AppDelegate.swift in Sources */ = {isa = PBXBuildFile; fileRef = 1B7F891F1E3F4C2600A99E56 /* AppDelegate.swift */; };
		1B7F89221E3F4C2600A99E56 /* MasterViewController.swift in Sources */ = {isa = PBXBuildFile; fileRef = 1B7F89211E3F4C2600A99E56 /* MasterViewController.swift */; };
		1B7F89241E3F4C2600A99E56 /* DetailViewController.swift in Sources */ = {isa = PBXBuildFile; fileRef = 1B7F89231E3F4C2600A99E56 /* DetailViewController.swift */; };
		1B7F89271E3F4C2600A99E56 /* Main.storyboard in Resources */ = {isa = PBXBuildFile; fileRef = 1B7F89251E3F4C2600A99E56 /* Main.storyboard */; };
		1B7F89291E3F4C2600A99E56 /* Assets.xcassets in Resources */ = {isa = PBXBuildFile; fileRef = 1B7F89281E3F4C2600A99E56 /* Assets.xcassets */; };
		1B7F892C1E3F4C2600A99E56 /* LaunchScreen.storyboard in Resources */ = {isa = PBXBuildFile; fileRef = 1B7F892A1E3F4C2600A99E56 /* LaunchScreen.storyboard */; };
/* End PBXBuildFile section */

/* Begin PBXFileReference section */
		1B7F891C1E3F4C2600A99E56 /* ApplyTransparency.app */ = {isa = PBXFileReference; explicitFileType = wrapper.application; includeInIndex = 0; path = ApplyTransparency.app; sourceTree = BUILT_PRODUCTS_DIR; };
		1B7F891F1E3F4C2600A99E56 /* AppDelegate.swift */ = {isa = PBXFileReference; lastKnownFileType = sourcecode.swift; path = AppDelegate.swift; sourceTree = "<group>"; };
		1B7F89211E3F4C2600A99E56 /* MasterViewController.swift */ = {isa = PBXFileReference; lastKnownFileType = sourcecode.swift; path = MasterViewController.swift; sourceTree = "<group>"; };
		1B7F89231E3F4C2600A99E56 /* DetailViewController.swift */ = {isa = PBXFileReference; lastKnownFileType = sourcecode.swift; path = DetailViewController.swift; sourceTree = "<group>"; };
		1B7F89261E3F4C2600A99E56 /* Base */ = {isa = PBXFileReference; lastKnownFileType = file.storyboard; name = Base; path = Base.lproj/Main.storyboard; sourceTree = "<group>"; };
		1B7F89281E3F4C2600A99E56 /* Assets.xcassets */ = {isa = PBXFileReference; lastKnownFileType = folder.assetcatalog; path = Assets.xcassets; sourceTree = "<group>"; };
		1B7F892B1E3F4C2600A99E56 /* Base */ = {isa = PBXFileReference; lastKnownFileType = file.storyboard; name = Base; path = Base.lproj/LaunchScreen.storyboard; sourceTree = "<group>"; };
		1B7F892D1E3F4C2600A99E56 /* Info.plist */ = {isa = PBXFileReference; lastKnownFileType = text.plist.xml; path = Info.plist; sourceTree = "<group>"; };
/* End PBXFileReference section */

/* Begin PBXFrameworksBuildPhase section */
		1B7F89191E3F4C2500A99E56 /* Frameworks */ = {
			isa = PBXFrameworksBuildPhase;
			buildActionMask = 2147483647;
			files = (
			);
			runOnlyForDeploymentPostprocessing = 0;
		};
/* End PBXFrameworksBuildPhase section */

/* Begin PBXGroup section */
		1B7F89131E3F4C2500A99E56 = {
			isa = PBXGroup;
			children = (
				1B7F891E1E3F4C2600A99E56 /* ApplyTransparency */,
				1B7F891D1E3F4C2600A99E56 /* Products */,
			);
			sourceTree = "<group>";
		};
		1B7F891D1E3F4C2600A99E56 /* Products */ = {
			isa = PBXGroup;
			children = (
				1B7F891C1E3F4C2600A99E56 /* ApplyTransparency.app */,
			);
			name = Products;
			sourceTree = "<group>";
		};
		1B7F891E1E3F4C2600A99E56 /* ApplyTransparency */ = {
			isa = PBXGroup;
			children = (
				1B7F891F1E3F4C2600A99E56 /* AppDelegate.swift */,
				1B7F89211E3F4C2600A99E56 /* MasterViewController.swift */,
				1B7F89231E3F4C2600A99E56 /* DetailViewController.swift */,
				1B7F89251E3F4C2600A99E56 /* Main.storyboard */,
				1B7F89281E3F4C2600A99E56 /* Assets.xcassets */,
				1B7F892A1E3F4C2600A99E56 /* LaunchScreen.storyboard */,
				1B7F892D1E3F4C2600A99E56 /* Info.plist */,
			);
			path = ApplyTransparency;
			sourceTree = "<group>";
		};
/* End PBXGroup section */

/* Begin PBXNativeTarget section */
		1B7F891B1E3F4C2500A99E56 /* ApplyTransparency */ = {
			isa = PBXNativeTarget;
			buildConfigurationList = 1B7F89301E3F4C2600A99E56 /* Build configuration list for PBXNativeTarget "ApplyTransparency" */;
			buildPhases = (
				1B7F89181E3F4C2500A99E56 /* Sources */,
				1B7F89191E3F4C2500A99E56 /* Frameworks */,
				1B7F891A1E3F4C2500A99E56 /* Resources */,
			);
			buildRules = (
			);
			dependencies = (
			);
			name = ApplyTransparency;
			productName = ApplyTransparency;
			productReference = 1B7F891C1E3F4C2600A99E56 /* ApplyTransparency.app */;
			productType = "com.apple.product-type.application";
		};
/* End PBXNativeTarget section */

/* Begin PBXProject section */
		1B7F89141E3F4C2500A99E56 /* Project object */ = {
			isa = PBXProject;
			attributes = {
				LastSwiftUpdateCheck = 0820;
				LastUpgradeCheck = 0820;
				ORGANIZATIONNAME = "http://sagarrkothari.com";
				TargetAttributes = {
					1B7F891B1E3F4C2500A99E56 = {
						CreatedOnToolsVersion = 8.2.1;
						DevelopmentTeam = 8YWS3RCPNM;
						ProvisioningStyle = Automatic;
					};
				};
			};
			buildConfigurationList = 1B7F89171E3F4C2500A99E56 /* Build configuration list for PBXProject "ApplyTransparency" */;
			compatibilityVersion = "Xcode 3.2";
			developmentRegion = English;
			hasScannedForEncodings = 0;
			knownRegions = (
				en,
				Base,
			);
			mainGroup = 1B7F89131E3F4C2500A99E56;
			productRefGroup = 1B7F891D1E3F4C2600A99E56 /* Products */;
			projectDirPath = "";
			projectRoot = "";
			targets = (
				1B7F891B1E3F4C2500A99E56 /* ApplyTransparency */,
			);
		};
/* End PBXProject section */

/* Begin PBXResourcesBuildPhase section */
		1B7F891A1E3F4C2500A99E56 /* Resources */ = {
			isa = PBXResourcesBuildPhase;
			buildActionMask = 2147483647;
			files = (
				1B7F892C1E3F4C2600A99E56 /* LaunchScreen.storyboard in Resources */,
				1B7F89291E3F4C2600A99E56 /* Assets.xcassets in Resources */,
				1B7F89271E3F4C2600A99E56 /* Main.storyboard in Resources */,
			);
			runOnlyForDeploymentPostprocessing = 0;
		};
/* End PBXResourcesBuildPhase section */

/* Begin PBXSourcesBuildPhase section */
		1B7F89181E3F4C2500A99E56 /* Sources */ = {
			isa = PBXSourcesBuildPhase;
			buildActionMask = 2147483647;
			files = (
				1B7F89241E3F4C2600A99E56 /* DetailViewController.swift in Sources */,
				1B7F89221E3F4C2600A99E56 /* MasterViewController.swift in Sources */,
				1B7F89201E3F4C2600A99E56 /* AppDelegate.swift in Sources */,
			);
			runOnlyForDeploymentPostprocessing = 0;
		};
/* End PBXSourcesBuildPhase section */

/* Begin PBXVariantGroup section */
		1B7F89251E3F4C2600A99E56 /* Main.storyboard */ = {
			isa = PBXVariantGroup;
			children = (
				1B7F89261E3F4C2600A99E56 /* Base */,
			);
			name = Main.storyboard;
			sourceTree = "<group>";
		};
		1B7F892A1E3F4C2600A99E56 /* LaunchScreen.storyboard */ = {
			isa = PBXVariantGroup;
			children = (
				1B7F892B1E3F4C2600A99E56 /* Base */,
			);
			name = LaunchScreen.storyboard;
			sourceTree = "<group>";
		};
/* End PBXVariantGroup section */

/* Begin XCBuildConfiguration section */
		1B7F892E1E3F4C2600A99E56 /* Debug */ = {
			isa = XCBuildConfiguration;
			buildSettings = {
				ALWAYS_SEARCH_USER_PATHS = NO;
				CLANG_ANALYZER_NONNULL = YES;
				CLANG_CXX_LANGUAGE_STANDARD = "gnu++0x";
				CLANG_CXX_LIBRARY = "libc++";
				CLANG_ENABLE_MODULES = YES;
				CLANG_ENABLE_OBJC_ARC = YES;
				CLANG_WARN_BOOL_CONVERSION = YES;
				CLANG_WARN_CONSTANT_CONVERSION = YES;
				CLANG_WARN_DIRECT_OBJC_ISA_USAGE = YES_ERROR;
				CLANG_WARN_DOCUMENTATION_COMMENTS = YES;
				CLANG_WARN_EMPTY_BODY = YES;
				CLANG_WARN_ENUM_CONVERSION = YES;
				CLANG_WARN_INFINITE_RECURSION = YES;
				CLANG_WARN_INT_CONVERSION = YES;
				CLANG_WARN_OBJC_ROOT_CLASS = YES_ERROR;
				CLANG_WARN_SUSPICIOUS_MOVE = YES;
				CLANG_WARN_UNREACHABLE_CODE = YES;
				CLANG_WARN__DUPLICATE_METHOD_MATCH = YES;
				"CODE_SIGN_IDENTITY[sdk=iphoneos*]" = "iPhone Developer";
				COPY_PHASE_STRIP = NO;
				DEBUG_INFORMATION_FORMAT = dwarf;
				ENABLE_STRICT_OBJC_MSGSEND = YES;
				ENABLE_TESTABILITY = YES;
				GCC_C_LANGUAGE_STANDARD = gnu99;
				GCC_DYNAMIC_NO_PIC = NO;
				GCC_NO_COMMON_BLOCKS = YES;
				GCC_OPTIMIZATION_LEVEL = 0;
				GCC_PREPROCESSOR_DEFINITIONS = (
					"DEBUG=1",
					"$(inherited)",
				);
				GCC_WARN_64_TO_32_BIT_CONVERSION = YES;
				GCC_WARN_ABOUT_RETURN_TYPE = YES_ERROR;
				GCC_WARN_UNDECLARED_SELECTOR = YES;
				GCC_WARN_UNINITIALIZED_AUTOS = YES_AGGRESSIVE;
				GCC_WARN_UNUSED_FUNCTION = YES;
				GCC_WARN_UNUSED_VARIABLE = YES;
				IPHONEOS_DEPLOYMENT_TARGET = 10.2;
				MTL_ENABLE_DEBUG_INFO = YES;
				ONLY_ACTIVE_ARCH = YES;
				SDKROOT = iphoneos;
				SWIFT_ACTIVE_COMPILATION_CONDITIONS = DEBUG;
				SWIFT_OPTIMIZATION_LEVEL = "-Onone";
				TARGETED_DEVICE_FAMILY = "1,2";
			};
			name = Debug;
		};
		1B7F892F1E3F4C2600A99E56 /* Release */ = {
			isa = XCBuildConfiguration;
			buildSettings = {
				ALWAYS_SEARCH_USER_PATHS = NO;
				CLANG_ANALYZER_NONNULL = YES;
				CLANG_CXX_LANGUAGE_STANDARD = "gnu++0x";
				CLANG_CXX_LIBRARY = "libc++";
				CLANG_ENABLE_MODULES = YES;
				CLANG_ENABLE_OBJC_ARC = YES;
				CLANG_WARN_BOOL_CONVERSION = YES;
				CLANG_WARN_CONSTANT_CONVERSION = YES;
				CLANG_WARN_DIRECT_OBJC_ISA_USAGE = YES_ERROR;
				CLANG_WARN_DOCUMENTATION_COMMENTS = YES;
				CLANG_WARN_EMPTY_BODY = YES;
				CLANG_WARN_ENUM_CONVERSION = YES;
				CLANG_WARN_INFINITE_RECURSION = YES;
				CLANG_WARN_INT_CONVERSION = YES;
				CLANG_WARN_OBJC_ROOT_CLASS = YES_ERROR;
				CLANG_WARN_SUSPICIOUS_MOVE = YES;
				CLANG_WARN_UNREACHABLE_CODE = YES;
				CLANG_WARN__DUPLICATE_METHOD_MATCH = YES;
				"CODE_SIGN_IDENTITY[sdk=iphoneos*]" = "iPhone Developer";
				COPY_PHASE_STRIP = NO;
				DEBUG_INFORMATION_FORMAT = "dwarf-with-dsym";
				ENABLE_NS_ASSERTIONS = NO;
				ENABLE_STRICT_OBJC_MSGSEND = YES;
				GCC_C_LANGUAGE_STANDARD = gnu99;
				GCC_NO_COMMON_BLOCKS = YES;
				GCC_WARN_64_TO_32_BIT_CONVERSION = YES;
				GCC_WARN_ABOUT_RETURN_TYPE = YES_ERROR;
				GCC_WARN_UNDECLARED_SELECTOR = YES;
				GCC_WARN_UNINITIALIZED_AUTOS = YES_AGGRESSIVE;
				GCC_WARN_UNUSED_FUNCTION = YES;
				GCC_WARN_UNUSED_VARIABLE = YES;
				IPHONEOS_DEPLOYMENT_TARGET = 10.2;
				MTL_ENABLE_DEBUG_INFO = NO;
				SDKROOT = iphoneos;
				SWIFT_OPTIMIZATION_LEVEL = "-Owholemodule";
				TARGETED_DEVICE_FAMILY = "1,2";
				VALIDATE_PRODUCT = YES;
			};
			name = Release;
		};
		1B7F89311E3F4C2600A99E56 /* Debug */ = {
			isa = XCBuildConfiguration;
			buildSettings = {
				ASSETCATALOG_COMPILER_APPICON_NAME = AppIcon;
				DEVELOPMENT_TEAM = 8YWS3RCPNM;
				INFOPLIST_FILE = ApplyTransparency/Info.plist;
				LD_RUNPATH_SEARCH_PATHS = "$(inherited) @executable_path/Frameworks";
				PRODUCT_BUNDLE_IDENTIFIER = com.sagarrkothari.ApplyTransparency;
				PRODUCT_NAME = "$(TARGET_NAME)";
				SWIFT_VERSION = 3.0;
			};
			name = Debug;
		};
		1B7F89321E3F4C2600A99E56 /* Release */ = {
			isa = XCBuildConfiguration;
			buildSettings = {
				ASSETCATALOG_COMPILER_APPICON_NAME = AppIcon;
				DEVELOPMENT_TEAM = 8YWS3RCPNM;
				INFOPLIST_FILE = ApplyTransparency/Info.plist;
				LD_RUNPATH_SEARCH_PATHS = "$(inherited) @executable_path/Frameworks";
				PRODUCT_BUNDLE_IDENTIFIER = com.sagarrkothari.ApplyTransparency;
				PRODUCT_NAME = "$(TARGET_NAME)";
				SWIFT_VERSION = 3.0;
			};
			name = Release;
		};
/* End XCBuildConfiguration section */

/* Begin XCConfigurationList section */
		1B7F89171E3F4C2500A99E56 /* Build configuration list for PBXProject "ApplyTransparency" */ = {
			isa = XCConfigurationList;
			buildConfigurations = (
				1B7F892E1E3F4C2600A99E56 /* Debug */,
				1B7F892F1E3F4C2600A99E56 /* Release */,
			);
			defaultConfigurationIsVisible = 0;
			defaultConfigurationName = Release;
		};
		1B7F89301E3F4C2600A99E56 /* Build configuration list for PBXNativeTarget "ApplyTransparency" */ = {
			isa = XCConfigurationList;
			buildConfigurations = (
				1B7F89311E3F4C2600A99E56 /* Debug */,
				1B7F89321E3F4C2600A99E56 /* Release */,
			);
			defaultConfigurationIsVisible = 0;
		};
/* End XCConfigurationList section */
	};
	rootObject = 1B7F89141E3F4C2500A99E56 /* Project object */;
}
